// !$*UTF8*$!
{
	archiveVersion = 1;
	classes = {
	};
	objectVersion = 50;
	objects = {

/* Begin PBXBuildFile section */
		A20A1D4623C466620013A7CF /* Address.swift in Sources */ = {isa = PBXBuildFile; fileRef = A20A1D4523C466620013A7CF /* Address.swift */; };
		A20A1D4823C4A1840013A7CF /* LinearTextField.swift in Sources */ = {isa = PBXBuildFile; fileRef = A20A1D4723C4A1840013A7CF /* LinearTextField.swift */; };
		A20A1D4A23C4A4580013A7CF /* StringUtil.swift in Sources */ = {isa = PBXBuildFile; fileRef = A20A1D4923C4A4580013A7CF /* StringUtil.swift */; };
		A20E7B8623A8B52A0009F2C9 /* AppDelegate.swift in Sources */ = {isa = PBXBuildFile; fileRef = A20E7B8523A8B52A0009F2C9 /* AppDelegate.swift */; };
		A20E7B8B23A8B52A0009F2C9 /* Main.storyboard in Resources */ = {isa = PBXBuildFile; fileRef = A20E7B8923A8B52A0009F2C9 /* Main.storyboard */; };
		A20E7B8D23A8B5300009F2C9 /* Assets.xcassets in Resources */ = {isa = PBXBuildFile; fileRef = A20E7B8C23A8B5300009F2C9 /* Assets.xcassets */; };
		A20E7B9023A8B5300009F2C9 /* LaunchScreen.storyboard in Resources */ = {isa = PBXBuildFile; fileRef = A20E7B8E23A8B5300009F2C9 /* LaunchScreen.storyboard */; };
		A20E7BA023A8B9950009F2C9 /* CommonUtil.swift in Sources */ = {isa = PBXBuildFile; fileRef = A20E7B9F23A8B9950009F2C9 /* CommonUtil.swift */; };
		A20E7BA223A8BD8D0009F2C9 /* User.swift in Sources */ = {isa = PBXBuildFile; fileRef = A20E7BA123A8BD8D0009F2C9 /* User.swift */; };
		A20E7BA423A8C04A0009F2C9 /* UserController.swift in Sources */ = {isa = PBXBuildFile; fileRef = A20E7BA323A8C04A0009F2C9 /* UserController.swift */; };
		A2215D2923E7DB5C00DC59D1 /* BookCommentCell.swift in Sources */ = {isa = PBXBuildFile; fileRef = A2215D2823E7DB5C00DC59D1 /* BookCommentCell.swift */; };
		A233609823C5FAA100D68D46 /* ColorUtil.swift in Sources */ = {isa = PBXBuildFile; fileRef = A233609723C5FAA100D68D46 /* ColorUtil.swift */; };
		A233609A23C603EB00D68D46 /* EWTextField.swift in Sources */ = {isa = PBXBuildFile; fileRef = A233609923C603EB00D68D46 /* EWTextField.swift */; };
		A246AD1423CDA64B009321FF /* Yellow.plist in Resources */ = {isa = PBXBuildFile; fileRef = A246AD1123CDA64A009321FF /* Yellow.plist */; };
		A246AD1523CDA64B009321FF /* Blue.plist in Resources */ = {isa = PBXBuildFile; fileRef = A246AD1223CDA64A009321FF /* Blue.plist */; };
		A246AD1623CDA64B009321FF /* Green.plist in Resources */ = {isa = PBXBuildFile; fileRef = A246AD1323CDA64A009321FF /* Green.plist */; };
		A246AD1823CDAA5F009321FF /* ThemeSwitchController.swift in Sources */ = {isa = PBXBuildFile; fileRef = A246AD1723CDAA5F009321FF /* ThemeSwitchController.swift */; };
		A247436223E959E5006109D3 /* UIViewController+Ext.swift in Sources */ = {isa = PBXBuildFile; fileRef = A247436123E959E5006109D3 /* UIViewController+Ext.swift */; };
		A248173223A9E8B900CF3B9C /* SettingController.swift in Sources */ = {isa = PBXBuildFile; fileRef = A248173123A9E8B900CF3B9C /* SettingController.swift */; };
		A248173423A9E98400CF3B9C /* CheckUpdateController.swift in Sources */ = {isa = PBXBuildFile; fileRef = A248173323A9E98400CF3B9C /* CheckUpdateController.swift */; };
		A248173823A9EF8300CF3B9C /* Config.swift in Sources */ = {isa = PBXBuildFile; fileRef = A248173723A9EF8300CF3B9C /* Config.swift */; };
		A248173A23A9F5FA00CF3B9C /* Book.swift in Sources */ = {isa = PBXBuildFile; fileRef = A248173923A9F5FA00CF3B9C /* Book.swift */; };
		A248173C23AA1BE200CF3B9C /* LoginController.swift in Sources */ = {isa = PBXBuildFile; fileRef = A248173B23AA1BE200CF3B9C /* LoginController.swift */; };
		A248173E23AA691B00CF3B9C /* RegisterController.swift in Sources */ = {isa = PBXBuildFile; fileRef = A248173D23AA691B00CF3B9C /* RegisterController.swift */; };
		A248174023AA826600CF3B9C /* HomeController.swift in Sources */ = {isa = PBXBuildFile; fileRef = A248173F23AA826600CF3B9C /* HomeController.swift */; };
		A248174223AA82CD00CF3B9C /* HomeNewsCell.swift in Sources */ = {isa = PBXBuildFile; fileRef = A248174123AA82CD00CF3B9C /* HomeNewsCell.swift */; };
		A248174423AA831D00CF3B9C /* HomeBookCell.swift in Sources */ = {isa = PBXBuildFile; fileRef = A248174323AA831D00CF3B9C /* HomeBookCell.swift */; };
		A25E9E9E23AC879500EEE779 /* MultilineLabel.swift in Sources */ = {isa = PBXBuildFile; fileRef = A25E9E9D23AC879500EEE779 /* MultilineLabel.swift */; };
		A25E9EA023ACADE100EEE779 /* ShoppingCarController.swift in Sources */ = {isa = PBXBuildFile; fileRef = A25E9E9F23ACADE100EEE779 /* ShoppingCarController.swift */; };
		A25E9EA223ACAE3600EEE779 /* ShoppingCarCell.swift in Sources */ = {isa = PBXBuildFile; fileRef = A25E9EA123ACAE3600EEE779 /* ShoppingCarCell.swift */; };
		A25E9EA423ACE14800EEE779 /* OrderController.swift in Sources */ = {isa = PBXBuildFile; fileRef = A25E9EA323ACE14800EEE779 /* OrderController.swift */; };
		A25E9EA623AD044C00EEE779 /* MainTabBarController.swift in Sources */ = {isa = PBXBuildFile; fileRef = A25E9EA523AD044C00EEE779 /* MainTabBarController.swift */; };
		A25E9EA823AD155900EEE779 /* BookInfoCell.swift in Sources */ = {isa = PBXBuildFile; fileRef = A25E9EA723AD155900EEE779 /* BookInfoCell.swift */; };
		A25FE70023CDE22B0014E1C2 /* WebController.swift in Sources */ = {isa = PBXBuildFile; fileRef = A25FE6FF23CDE22B0014E1C2 /* WebController.swift */; };
		A2688CB223CB50DC00D1C4E0 /* DropBoxTextField.swift in Sources */ = {isa = PBXBuildFile; fileRef = A2688CB023CB50DC00D1C4E0 /* DropBoxTextField.swift */; };
		A2688CB323CB50DC00D1C4E0 /* DropBox.swift in Sources */ = {isa = PBXBuildFile; fileRef = A2688CB123CB50DC00D1C4E0 /* DropBox.swift */; };
		A275872423E2C64400BBEC21 /* VerticalCycleView.swift in Sources */ = {isa = PBXBuildFile; fileRef = A275872323E2C64400BBEC21 /* VerticalCycleView.swift */; };
		A2766C4123C353780037E1BF /* AddressController.swift in Sources */ = {isa = PBXBuildFile; fileRef = A2766C4023C353780037E1BF /* AddressController.swift */; };
		A2766C4323C367900037E1BF /* AddressCell.swift in Sources */ = {isa = PBXBuildFile; fileRef = A2766C4223C367900037E1BF /* AddressCell.swift */; };
		A27B60FF23AB125600B73AAF /* CycleScrollView.swift in Sources */ = {isa = PBXBuildFile; fileRef = A27B60FE23AB125600B73AAF /* CycleScrollView.swift */; };
		A27B610123AB75BE00B73AAF /* HomeFunctionCell.swift in Sources */ = {isa = PBXBuildFile; fileRef = A27B610023AB75BE00B73AAF /* HomeFunctionCell.swift */; };
		A27B610623ABC68A00B73AAF /* BookDetailController.swift in Sources */ = {isa = PBXBuildFile; fileRef = A27B610523ABC68A00B73AAF /* BookDetailController.swift */; };
		A27B610823ABC6C200B73AAF /* BookDescCell.swift in Sources */ = {isa = PBXBuildFile; fileRef = A27B610723ABC6C200B73AAF /* BookDescCell.swift */; };
		A28484CA23C0BA3900B7C3E1 /* ImageUtil.swift in Sources */ = {isa = PBXBuildFile; fileRef = A28484C923C0BA3900B7C3E1 /* ImageUtil.swift */; };
		A28484CD23C0C47D00B7C3E1 /* CircleController.swift in Sources */ = {isa = PBXBuildFile; fileRef = A28484CC23C0C47D00B7C3E1 /* CircleController.swift */; };
		A28484CF23C0C4C600B7C3E1 /* CircleCell.swift in Sources */ = {isa = PBXBuildFile; fileRef = A28484CE23C0C4C600B7C3E1 /* CircleCell.swift */; };
		A28484D323C0E0BB00B7C3E1 /* Video.swift in Sources */ = {isa = PBXBuildFile; fileRef = A28484D223C0E0BB00B7C3E1 /* Video.swift */; };
		A28484D523C0E4FB00B7C3E1 /* WaterFallLayout.swift in Sources */ = {isa = PBXBuildFile; fileRef = A28484D423C0E4FB00B7C3E1 /* WaterFallLayout.swift */; };
		A29DAC9523E683350018BA98 /* MPageControl.swift in Sources */ = {isa = PBXBuildFile; fileRef = A29DAC9423E683350018BA98 /* MPageControl.swift */; };
		A29DAC9723E6B4EA0018BA98 /* CategroyController.swift in Sources */ = {isa = PBXBuildFile; fileRef = A29DAC9623E6B4EA0018BA98 /* CategroyController.swift */; };
		A29DD60E23E5C24C00BA23BE /* HomeNewsCell2.swift in Sources */ = {isa = PBXBuildFile; fileRef = A29DD60D23E5C24C00BA23BE /* HomeNewsCell2.swift */; };
		A2A4631F23C9F37F00911C36 /* PlaybillCell.swift in Sources */ = {isa = PBXBuildFile; fileRef = A2A4631E23C9F37F00911C36 /* PlaybillCell.swift */; };
		A2A4632123CA104F00911C36 /* UserDefaultsExt.swift in Sources */ = {isa = PBXBuildFile; fileRef = A2A4632023CA104F00911C36 /* UserDefaultsExt.swift */; };
		A2C15C4C23B71BD80096D80D /* SearchCollectionCell.swift in Sources */ = {isa = PBXBuildFile; fileRef = A2C15C4B23B71BD80096D80D /* SearchCollectionCell.swift */; };
		A2C15C4E23B7282D0096D80D /* FunctionCollectionCell.swift in Sources */ = {isa = PBXBuildFile; fileRef = A2C15C4D23B7282D0096D80D /* FunctionCollectionCell.swift */; };
		A2C15C5023B72C380096D80D /* ActivityCollectionCell.swift in Sources */ = {isa = PBXBuildFile; fileRef = A2C15C4F23B72C380096D80D /* ActivityCollectionCell.swift */; };
		A2C15C5223B72D710096D80D /* CircleCollectionCell.swift in Sources */ = {isa = PBXBuildFile; fileRef = A2C15C5123B72D710096D80D /* CircleCollectionCell.swift */; };
		A2C15C5423B72EC30096D80D /* GoodCollectionCell.swift in Sources */ = {isa = PBXBuildFile; fileRef = A2C15C5323B72EC30096D80D /* GoodCollectionCell.swift */; };
		A2C15C5623B733F00096D80D /* SearchController.swift in Sources */ = {isa = PBXBuildFile; fileRef = A2C15C5523B733F00096D80D /* SearchController.swift */; };
		A2EAB91A23C829D2001899A5 /* NSAttributedString+Merge.swift in Sources */ = {isa = PBXBuildFile; fileRef = A2EAB8FE23C829D0001899A5 /* NSAttributedString+Merge.swift */; };
		A2EAB91B23C829D2001899A5 /* ThemeStatusBarStylePicker.swift in Sources */ = {isa = PBXBuildFile; fileRef = A2EAB8FF23C829D0001899A5 /* ThemeStatusBarStylePicker.swift */; };
		A2EAB91C23C829D2001899A5 /* ThemeStringAttributesPicker.swift in Sources */ = {isa = PBXBuildFile; fileRef = A2EAB90023C829D0001899A5 /* ThemeStringAttributesPicker.swift */; };
		A2EAB91D23C829D2001899A5 /* ThemeNavigationBarAppearancePicker.swift in Sources */ = {isa = PBXBuildFile; fileRef = A2EAB90123C829D1001899A5 /* ThemeNavigationBarAppearancePicker.swift */; };
		A2EAB91E23C829D2001899A5 /* ThemeStatePicker.swift in Sources */ = {isa = PBXBuildFile; fileRef = A2EAB90223C829D1001899A5 /* ThemeStatePicker.swift */; };
		A2EAB91F23C829D2001899A5 /* ThemeCGFloatPicker.swift in Sources */ = {isa = PBXBuildFile; fileRef = A2EAB90323C829D1001899A5 /* ThemeCGFloatPicker.swift */; };
		A2EAB92023C829D2001899A5 /* ThemeVisualEffectPicker.swift in Sources */ = {isa = PBXBuildFile; fileRef = A2EAB90423C829D1001899A5 /* ThemeVisualEffectPicker.swift */; };
		A2EAB92123C829D2001899A5 /* UIColorExtension.swift in Sources */ = {isa = PBXBuildFile; fileRef = A2EAB90523C829D1001899A5 /* UIColorExtension.swift */; };
		A2EAB92223C829D2001899A5 /* ThemeActivityIndicatorViewStylePicker.swift in Sources */ = {isa = PBXBuildFile; fileRef = A2EAB90623C829D1001899A5 /* ThemeActivityIndicatorViewStylePicker.swift */; };
		A2EAB92323C829D2001899A5 /* ThemeColorPicker.swift in Sources */ = {isa = PBXBuildFile; fileRef = A2EAB90723C829D1001899A5 /* ThemeColorPicker.swift */; };
		A2EAB92423C829D2001899A5 /* UITextField+PlaceholderAttributes.swift in Sources */ = {isa = PBXBuildFile; fileRef = A2EAB90823C829D1001899A5 /* UITextField+PlaceholderAttributes.swift */; };
		A2EAB92523C829D2001899A5 /* ThemeImagePicker.swift in Sources */ = {isa = PBXBuildFile; fileRef = A2EAB90923C829D1001899A5 /* ThemeImagePicker.swift */; };
		A2EAB92623C829D2001899A5 /* ThemeManager+Plist.swift in Sources */ = {isa = PBXBuildFile; fileRef = A2EAB90A23C829D1001899A5 /* ThemeManager+Plist.swift */; };
		A2EAB92723C829D2001899A5 /* ThemeFontPicker.swift in Sources */ = {isa = PBXBuildFile; fileRef = A2EAB90B23C829D1001899A5 /* ThemeFontPicker.swift */; };
		A2EAB92823C829D2001899A5 /* ThemeDictionaryPicker.swift in Sources */ = {isa = PBXBuildFile; fileRef = A2EAB90C23C829D1001899A5 /* ThemeDictionaryPicker.swift */; };
		A2EAB92923C829D2001899A5 /* ThemeCGColorPicker.swift in Sources */ = {isa = PBXBuildFile; fileRef = A2EAB90D23C829D1001899A5 /* ThemeCGColorPicker.swift */; };
		A2EAB92A23C829D2001899A5 /* UIKit+Theme.swift in Sources */ = {isa = PBXBuildFile; fileRef = A2EAB90E23C829D1001899A5 /* UIKit+Theme.swift */; };
		A2EAB92B23C829D2001899A5 /* ThemeKeyboardAppearancePicker.swift in Sources */ = {isa = PBXBuildFile; fileRef = A2EAB90F23C829D1001899A5 /* ThemeKeyboardAppearancePicker.swift */; };
		A2EAB92C23C829D2001899A5 /* ThemeManager.swift in Sources */ = {isa = PBXBuildFile; fileRef = A2EAB91023C829D1001899A5 /* ThemeManager.swift */; };
		A2EAB92D23C829D2001899A5 /* ThemeManager+Index.swift in Sources */ = {isa = PBXBuildFile; fileRef = A2EAB91123C829D1001899A5 /* ThemeManager+Index.swift */; };
		A2EAB92E23C829D2001899A5 /* ThemeManager+OC.swift in Sources */ = {isa = PBXBuildFile; fileRef = A2EAB91223C829D1001899A5 /* ThemeManager+OC.swift */; };
		A2EAB92F23C829D2001899A5 /* ThemeScrollViewIndicatorStylePicker.swift in Sources */ = {isa = PBXBuildFile; fileRef = A2EAB91323C829D1001899A5 /* ThemeScrollViewIndicatorStylePicker.swift */; };
		A2EAB93023C829D2001899A5 /* UILabel+TextAttributes.swift in Sources */ = {isa = PBXBuildFile; fileRef = A2EAB91423C829D1001899A5 /* UILabel+TextAttributes.swift */; };
		A2EAB93123C829D2001899A5 /* NSObject+Theme.swift in Sources */ = {isa = PBXBuildFile; fileRef = A2EAB91523C829D2001899A5 /* NSObject+Theme.swift */; };
		A2EAB93223C829D2001899A5 /* ThemeBlurEffectPicker.swift in Sources */ = {isa = PBXBuildFile; fileRef = A2EAB91623C829D2001899A5 /* ThemeBlurEffectPicker.swift */; };
		A2EAB93323C829D2001899A5 /* ThemeBarStylePicker.swift in Sources */ = {isa = PBXBuildFile; fileRef = A2EAB91723C829D2001899A5 /* ThemeBarStylePicker.swift */; };
		A2EAB93423C829D2001899A5 /* UIRefreshControl+TitleAttributes.swift in Sources */ = {isa = PBXBuildFile; fileRef = A2EAB91823C829D2001899A5 /* UIRefreshControl+TitleAttributes.swift */; };
		A2EAB93523C829D2001899A5 /* ThemePicker.swift in Sources */ = {isa = PBXBuildFile; fileRef = A2EAB91923C829D2001899A5 /* ThemePicker.swift */; };
		A2EAB93B23C82A7B001899A5 /* Night.plist in Resources */ = {isa = PBXBuildFile; fileRef = A2EAB93823C82A7B001899A5 /* Night.plist */; };
		A2EAB93D23C82A7B001899A5 /* Red.plist in Resources */ = {isa = PBXBuildFile; fileRef = A2EAB93A23C82A7B001899A5 /* Red.plist */; };
		A2EAB93F23C82B5C001899A5 /* MyThemes.swift in Sources */ = {isa = PBXBuildFile; fileRef = A2EAB93E23C82B5C001899A5 /* MyThemes.swift */; };
		A2EAB94123C85F6C001899A5 /* CheckUpdateCell.swift in Sources */ = {isa = PBXBuildFile; fileRef = A2EAB94023C85F6C001899A5 /* CheckUpdateCell.swift */; };
		A2EAB94323C8608C001899A5 /* ThemeSwithCell.swift in Sources */ = {isa = PBXBuildFile; fileRef = A2EAB94223C8608C001899A5 /* ThemeSwithCell.swift */; };
		A2EAB94523C860B7001899A5 /* LogoutCell.swift in Sources */ = {isa = PBXBuildFile; fileRef = A2EAB94423C860B7001899A5 /* LogoutCell.swift */; };
		A2EAB94723C8799F001899A5 /* BaseCell.swift in Sources */ = {isa = PBXBuildFile; fileRef = A2EAB94623C8799F001899A5 /* BaseCell.swift */; };
		A2EAB94923C87EF6001899A5 /* UserHeadCell.swift in Sources */ = {isa = PBXBuildFile; fileRef = A2EAB94823C87EF6001899A5 /* UserHeadCell.swift */; };
		A2EF593223B630B4007D677C /* UserInfoController.swift in Sources */ = {isa = PBXBuildFile; fileRef = A2EF593123B630B4007D677C /* UserInfoController.swift */; };
		A2EF593B23B633ED007D677C /* CBToast.swift in Sources */ = {isa = PBXBuildFile; fileRef = A2EF593A23B633ED007D677C /* CBToast.swift */; };
		A2F98C6523CEEC760061BED4 /* h5 in Resources */ = {isa = PBXBuildFile; fileRef = A2F98C6423CEEC760061BED4 /* h5 */; };
		A2F98C6723CF48320061BED4 /* DropBoxMenu.swift in Sources */ = {isa = PBXBuildFile; fileRef = A2F98C6623CF48320061BED4 /* DropBoxMenu.swift */; };
/* End PBXBuildFile section */

/* Begin PBXFileReference section */
		A20A1D4523C466620013A7CF /* Address.swift */ = {isa = PBXFileReference; lastKnownFileType = sourcecode.swift; path = Address.swift; sourceTree = "<group>"; };
		A20A1D4723C4A1840013A7CF /* LinearTextField.swift */ = {isa = PBXFileReference; lastKnownFileType = sourcecode.swift; path = LinearTextField.swift; sourceTree = "<group>"; };
		A20A1D4923C4A4580013A7CF /* StringUtil.swift */ = {isa = PBXFileReference; lastKnownFileType = sourcecode.swift; path = StringUtil.swift; sourceTree = "<group>"; };
		A20E7B8223A8B52A0009F2C9 /* bookshop.app */ = {isa = PBXFileReference; explicitFileType = wrapper.application; includeInIndex = 0; path = bookshop.app; sourceTree = BUILT_PRODUCTS_DIR; };
		A20E7B8523A8B52A0009F2C9 /* AppDelegate.swift */ = {isa = PBXFileReference; lastKnownFileType = sourcecode.swift; path = AppDelegate.swift; sourceTree = "<group>"; };
		A20E7B8A23A8B52A0009F2C9 /* Base */ = {isa = PBXFileReference; lastKnownFileType = file.storyboard; name = Base; path = Base.lproj/Main.storyboard; sourceTree = "<group>"; };
		A20E7B8C23A8B5300009F2C9 /* Assets.xcassets */ = {isa = PBXFileReference; lastKnownFileType = folder.assetcatalog; path = Assets.xcassets; sourceTree = "<group>"; };
		A20E7B8F23A8B5300009F2C9 /* Base */ = {isa = PBXFileReference; lastKnownFileType = file.storyboard; name = Base; path = Base.lproj/LaunchScreen.storyboard; sourceTree = "<group>"; };
		A20E7B9123A8B5300009F2C9 /* Info.plist */ = {isa = PBXFileReference; lastKnownFileType = text.plist.xml; path = Info.plist; sourceTree = "<group>"; };
		A20E7B9F23A8B9950009F2C9 /* CommonUtil.swift */ = {isa = PBXFileReference; lastKnownFileType = sourcecode.swift; path = CommonUtil.swift; sourceTree = "<group>"; };
		A20E7BA123A8BD8D0009F2C9 /* User.swift */ = {isa = PBXFileReference; lastKnownFileType = sourcecode.swift; path = User.swift; sourceTree = "<group>"; };
		A20E7BA323A8C04A0009F2C9 /* UserController.swift */ = {isa = PBXFileReference; lastKnownFileType = sourcecode.swift; path = UserController.swift; sourceTree = "<group>"; };
		A2215D2823E7DB5C00DC59D1 /* BookCommentCell.swift */ = {isa = PBXFileReference; lastKnownFileType = sourcecode.swift; path = BookCommentCell.swift; sourceTree = "<group>"; };
		A233609723C5FAA100D68D46 /* ColorUtil.swift */ = {isa = PBXFileReference; lastKnownFileType = sourcecode.swift; path = ColorUtil.swift; sourceTree = "<group>"; };
		A233609923C603EB00D68D46 /* EWTextField.swift */ = {isa = PBXFileReference; lastKnownFileType = sourcecode.swift; path = EWTextField.swift; sourceTree = "<group>"; };
		A246AD1123CDA64A009321FF /* Yellow.plist */ = {isa = PBXFileReference; fileEncoding = 4; lastKnownFileType = text.plist.xml; path = Yellow.plist; sourceTree = "<group>"; };
		A246AD1223CDA64A009321FF /* Blue.plist */ = {isa = PBXFileReference; fileEncoding = 4; lastKnownFileType = text.plist.xml; path = Blue.plist; sourceTree = "<group>"; };
		A246AD1323CDA64A009321FF /* Green.plist */ = {isa = PBXFileReference; fileEncoding = 4; lastKnownFileType = text.plist.xml; path = Green.plist; sourceTree = "<group>"; };
		A246AD1723CDAA5F009321FF /* ThemeSwitchController.swift */ = {isa = PBXFileReference; lastKnownFileType = sourcecode.swift; path = ThemeSwitchController.swift; sourceTree = "<group>"; };
		A247436123E959E5006109D3 /* UIViewController+Ext.swift */ = {isa = PBXFileReference; lastKnownFileType = sourcecode.swift; path = "UIViewController+Ext.swift"; sourceTree = "<group>"; };
		A248173123A9E8B900CF3B9C /* SettingController.swift */ = {isa = PBXFileReference; lastKnownFileType = sourcecode.swift; path = SettingController.swift; sourceTree = "<group>"; };
		A248173323A9E98400CF3B9C /* CheckUpdateController.swift */ = {isa = PBXFileReference; lastKnownFileType = sourcecode.swift; path = CheckUpdateController.swift; sourceTree = "<group>"; };
		A248173723A9EF8300CF3B9C /* Config.swift */ = {isa = PBXFileReference; lastKnownFileType = sourcecode.swift; path = Config.swift; sourceTree = "<group>"; };
		A248173923A9F5FA00CF3B9C /* Book.swift */ = {isa = PBXFileReference; lastKnownFileType = sourcecode.swift; path = Book.swift; sourceTree = "<group>"; };
		A248173B23AA1BE200CF3B9C /* LoginController.swift */ = {isa = PBXFileReference; lastKnownFileType = sourcecode.swift; path = LoginController.swift; sourceTree = "<group>"; };
		A248173D23AA691B00CF3B9C /* RegisterController.swift */ = {isa = PBXFileReference; lastKnownFileType = sourcecode.swift; path = RegisterController.swift; sourceTree = "<group>"; };
		A248173F23AA826600CF3B9C /* HomeController.swift */ = {isa = PBXFileReference; lastKnownFileType = sourcecode.swift; path = HomeController.swift; sourceTree = "<group>"; };
		A248174123AA82CD00CF3B9C /* HomeNewsCell.swift */ = {isa = PBXFileReference; lastKnownFileType = sourcecode.swift; path = HomeNewsCell.swift; sourceTree = "<group>"; };
		A248174323AA831D00CF3B9C /* HomeBookCell.swift */ = {isa = PBXFileReference; lastKnownFileType = sourcecode.swift; path = HomeBookCell.swift; sourceTree = "<group>"; };
		A25E9E9D23AC879500EEE779 /* MultilineLabel.swift */ = {isa = PBXFileReference; lastKnownFileType = sourcecode.swift; path = MultilineLabel.swift; sourceTree = "<group>"; };
		A25E9E9F23ACADE100EEE779 /* ShoppingCarController.swift */ = {isa = PBXFileReference; lastKnownFileType = sourcecode.swift; path = ShoppingCarController.swift; sourceTree = "<group>"; };
		A25E9EA123ACAE3600EEE779 /* ShoppingCarCell.swift */ = {isa = PBXFileReference; lastKnownFileType = sourcecode.swift; path = ShoppingCarCell.swift; sourceTree = "<group>"; };
		A25E9EA323ACE14800EEE779 /* OrderController.swift */ = {isa = PBXFileReference; lastKnownFileType = sourcecode.swift; path = OrderController.swift; sourceTree = "<group>"; };
		A25E9EA523AD044C00EEE779 /* MainTabBarController.swift */ = {isa = PBXFileReference; lastKnownFileType = sourcecode.swift; path = MainTabBarController.swift; sourceTree = "<group>"; };
		A25E9EA723AD155900EEE779 /* BookInfoCell.swift */ = {isa = PBXFileReference; lastKnownFileType = sourcecode.swift; path = BookInfoCell.swift; sourceTree = "<group>"; };
		A25FE6FF23CDE22B0014E1C2 /* WebController.swift */ = {isa = PBXFileReference; lastKnownFileType = sourcecode.swift; path = WebController.swift; sourceTree = "<group>"; };
		A2688CB023CB50DC00D1C4E0 /* DropBoxTextField.swift */ = {isa = PBXFileReference; fileEncoding = 4; lastKnownFileType = sourcecode.swift; path = DropBoxTextField.swift; sourceTree = "<group>"; };
		A2688CB123CB50DC00D1C4E0 /* DropBox.swift */ = {isa = PBXFileReference; fileEncoding = 4; lastKnownFileType = sourcecode.swift; path = DropBox.swift; sourceTree = "<group>"; };
		A275872323E2C64400BBEC21 /* VerticalCycleView.swift */ = {isa = PBXFileReference; lastKnownFileType = sourcecode.swift; path = VerticalCycleView.swift; sourceTree = "<group>"; };
		A2766C4023C353780037E1BF /* AddressController.swift */ = {isa = PBXFileReference; lastKnownFileType = sourcecode.swift; path = AddressController.swift; sourceTree = "<group>"; };
		A2766C4223C367900037E1BF /* AddressCell.swift */ = {isa = PBXFileReference; lastKnownFileType = sourcecode.swift; path = AddressCell.swift; sourceTree = "<group>"; };
		A27B60FE23AB125600B73AAF /* CycleScrollView.swift */ = {isa = PBXFileReference; lastKnownFileType = sourcecode.swift; path = CycleScrollView.swift; sourceTree = "<group>"; };
		A27B610023AB75BE00B73AAF /* HomeFunctionCell.swift */ = {isa = PBXFileReference; lastKnownFileType = sourcecode.swift; path = HomeFunctionCell.swift; sourceTree = "<group>"; };
		A27B610523ABC68A00B73AAF /* BookDetailController.swift */ = {isa = PBXFileReference; lastKnownFileType = sourcecode.swift; path = BookDetailController.swift; sourceTree = "<group>"; };
		A27B610723ABC6C200B73AAF /* BookDescCell.swift */ = {isa = PBXFileReference; lastKnownFileType = sourcecode.swift; path = BookDescCell.swift; sourceTree = "<group>"; };
		A28484C923C0BA3900B7C3E1 /* ImageUtil.swift */ = {isa = PBXFileReference; lastKnownFileType = sourcecode.swift; path = ImageUtil.swift; sourceTree = "<group>"; };
		A28484CC23C0C47D00B7C3E1 /* CircleController.swift */ = {isa = PBXFileReference; lastKnownFileType = sourcecode.swift; path = CircleController.swift; sourceTree = "<group>"; };
		A28484CE23C0C4C600B7C3E1 /* CircleCell.swift */ = {isa = PBXFileReference; lastKnownFileType = sourcecode.swift; path = CircleCell.swift; sourceTree = "<group>"; };
		A28484D223C0E0BB00B7C3E1 /* Video.swift */ = {isa = PBXFileReference; lastKnownFileType = sourcecode.swift; path = Video.swift; sourceTree = "<group>"; };
		A28484D423C0E4FB00B7C3E1 /* WaterFallLayout.swift */ = {isa = PBXFileReference; lastKnownFileType = sourcecode.swift; path = WaterFallLayout.swift; sourceTree = "<group>"; };
		A29DAC9423E683350018BA98 /* MPageControl.swift */ = {isa = PBXFileReference; lastKnownFileType = sourcecode.swift; path = MPageControl.swift; sourceTree = "<group>"; };
		A29DAC9623E6B4EA0018BA98 /* CategroyController.swift */ = {isa = PBXFileReference; lastKnownFileType = sourcecode.swift; path = CategroyController.swift; sourceTree = "<group>"; };
		A29DD60D23E5C24C00BA23BE /* HomeNewsCell2.swift */ = {isa = PBXFileReference; lastKnownFileType = sourcecode.swift; path = HomeNewsCell2.swift; sourceTree = "<group>"; };
		A2A4631E23C9F37F00911C36 /* PlaybillCell.swift */ = {isa = PBXFileReference; lastKnownFileType = sourcecode.swift; path = PlaybillCell.swift; sourceTree = "<group>"; };
		A2A4632023CA104F00911C36 /* UserDefaultsExt.swift */ = {isa = PBXFileReference; lastKnownFileType = sourcecode.swift; path = UserDefaultsExt.swift; sourceTree = "<group>"; };
		A2C15C4B23B71BD80096D80D /* SearchCollectionCell.swift */ = {isa = PBXFileReference; lastKnownFileType = sourcecode.swift; path = SearchCollectionCell.swift; sourceTree = "<group>"; };
		A2C15C4D23B7282D0096D80D /* FunctionCollectionCell.swift */ = {isa = PBXFileReference; lastKnownFileType = sourcecode.swift; path = FunctionCollectionCell.swift; sourceTree = "<group>"; };
		A2C15C4F23B72C380096D80D /* ActivityCollectionCell.swift */ = {isa = PBXFileReference; lastKnownFileType = sourcecode.swift; path = ActivityCollectionCell.swift; sourceTree = "<group>"; };
		A2C15C5123B72D710096D80D /* CircleCollectionCell.swift */ = {isa = PBXFileReference; lastKnownFileType = sourcecode.swift; path = CircleCollectionCell.swift; sourceTree = "<group>"; };
		A2C15C5323B72EC30096D80D /* GoodCollectionCell.swift */ = {isa = PBXFileReference; lastKnownFileType = sourcecode.swift; path = GoodCollectionCell.swift; sourceTree = "<group>"; };
		A2C15C5523B733F00096D80D /* SearchController.swift */ = {isa = PBXFileReference; lastKnownFileType = sourcecode.swift; path = SearchController.swift; sourceTree = "<group>"; };
		A2EAB8FE23C829D0001899A5 /* NSAttributedString+Merge.swift */ = {isa = PBXFileReference; fileEncoding = 4; lastKnownFileType = sourcecode.swift; path = "NSAttributedString+Merge.swift"; sourceTree = "<group>"; };
		A2EAB8FF23C829D0001899A5 /* ThemeStatusBarStylePicker.swift */ = {isa = PBXFileReference; fileEncoding = 4; lastKnownFileType = sourcecode.swift; path = ThemeStatusBarStylePicker.swift; sourceTree = "<group>"; };
		A2EAB90023C829D0001899A5 /* ThemeStringAttributesPicker.swift */ = {isa = PBXFileReference; fileEncoding = 4; lastKnownFileType = sourcecode.swift; path = ThemeStringAttributesPicker.swift; sourceTree = "<group>"; };
		A2EAB90123C829D1001899A5 /* ThemeNavigationBarAppearancePicker.swift */ = {isa = PBXFileReference; fileEncoding = 4; lastKnownFileType = sourcecode.swift; path = ThemeNavigationBarAppearancePicker.swift; sourceTree = "<group>"; };
		A2EAB90223C829D1001899A5 /* ThemeStatePicker.swift */ = {isa = PBXFileReference; fileEncoding = 4; lastKnownFileType = sourcecode.swift; path = ThemeStatePicker.swift; sourceTree = "<group>"; };
		A2EAB90323C829D1001899A5 /* ThemeCGFloatPicker.swift */ = {isa = PBXFileReference; fileEncoding = 4; lastKnownFileType = sourcecode.swift; path = ThemeCGFloatPicker.swift; sourceTree = "<group>"; };
		A2EAB90423C829D1001899A5 /* ThemeVisualEffectPicker.swift */ = {isa = PBXFileReference; fileEncoding = 4; lastKnownFileType = sourcecode.swift; path = ThemeVisualEffectPicker.swift; sourceTree = "<group>"; };
		A2EAB90523C829D1001899A5 /* UIColorExtension.swift */ = {isa = PBXFileReference; fileEncoding = 4; lastKnownFileType = sourcecode.swift; path = UIColorExtension.swift; sourceTree = "<group>"; };
		A2EAB90623C829D1001899A5 /* ThemeActivityIndicatorViewStylePicker.swift */ = {isa = PBXFileReference; fileEncoding = 4; lastKnownFileType = sourcecode.swift; path = ThemeActivityIndicatorViewStylePicker.swift; sourceTree = "<group>"; };
		A2EAB90723C829D1001899A5 /* ThemeColorPicker.swift */ = {isa = PBXFileReference; fileEncoding = 4; lastKnownFileType = sourcecode.swift; path = ThemeColorPicker.swift; sourceTree = "<group>"; };
		A2EAB90823C829D1001899A5 /* UITextField+PlaceholderAttributes.swift */ = {isa = PBXFileReference; fileEncoding = 4; lastKnownFileType = sourcecode.swift; path = "UITextField+PlaceholderAttributes.swift"; sourceTree = "<group>"; };
		A2EAB90923C829D1001899A5 /* ThemeImagePicker.swift */ = {isa = PBXFileReference; fileEncoding = 4; lastKnownFileType = sourcecode.swift; path = ThemeImagePicker.swift; sourceTree = "<group>"; };
		A2EAB90A23C829D1001899A5 /* ThemeManager+Plist.swift */ = {isa = PBXFileReference; fileEncoding = 4; lastKnownFileType = sourcecode.swift; path = "ThemeManager+Plist.swift"; sourceTree = "<group>"; };
		A2EAB90B23C829D1001899A5 /* ThemeFontPicker.swift */ = {isa = PBXFileReference; fileEncoding = 4; lastKnownFileType = sourcecode.swift; path = ThemeFontPicker.swift; sourceTree = "<group>"; };
		A2EAB90C23C829D1001899A5 /* ThemeDictionaryPicker.swift */ = {isa = PBXFileReference; fileEncoding = 4; lastKnownFileType = sourcecode.swift; path = ThemeDictionaryPicker.swift; sourceTree = "<group>"; };
		A2EAB90D23C829D1001899A5 /* ThemeCGColorPicker.swift */ = {isa = PBXFileReference; fileEncoding = 4; lastKnownFileType = sourcecode.swift; path = ThemeCGColorPicker.swift; sourceTree = "<group>"; };
		A2EAB90E23C829D1001899A5 /* UIKit+Theme.swift */ = {isa = PBXFileReference; fileEncoding = 4; lastKnownFileType = sourcecode.swift; path = "UIKit+Theme.swift"; sourceTree = "<group>"; };
		A2EAB90F23C829D1001899A5 /* ThemeKeyboardAppearancePicker.swift */ = {isa = PBXFileReference; fileEncoding = 4; lastKnownFileType = sourcecode.swift; path = ThemeKeyboardAppearancePicker.swift; sourceTree = "<group>"; };
		A2EAB91023C829D1001899A5 /* ThemeManager.swift */ = {isa = PBXFileReference; fileEncoding = 4; lastKnownFileType = sourcecode.swift; path = ThemeManager.swift; sourceTree = "<group>"; };
		A2EAB91123C829D1001899A5 /* ThemeManager+Index.swift */ = {isa = PBXFileReference; fileEncoding = 4; lastKnownFileType = sourcecode.swift; path = "ThemeManager+Index.swift"; sourceTree = "<group>"; };
		A2EAB91223C829D1001899A5 /* ThemeManager+OC.swift */ = {isa = PBXFileReference; fileEncoding = 4; lastKnownFileType = sourcecode.swift; path = "ThemeManager+OC.swift"; sourceTree = "<group>"; };
		A2EAB91323C829D1001899A5 /* ThemeScrollViewIndicatorStylePicker.swift */ = {isa = PBXFileReference; fileEncoding = 4; lastKnownFileType = sourcecode.swift; path = ThemeScrollViewIndicatorStylePicker.swift; sourceTree = "<group>"; };
		A2EAB91423C829D1001899A5 /* UILabel+TextAttributes.swift */ = {isa = PBXFileReference; fileEncoding = 4; lastKnownFileType = sourcecode.swift; path = "UILabel+TextAttributes.swift"; sourceTree = "<group>"; };
		A2EAB91523C829D2001899A5 /* NSObject+Theme.swift */ = {isa = PBXFileReference; fileEncoding = 4; lastKnownFileType = sourcecode.swift; path = "NSObject+Theme.swift"; sourceTree = "<group>"; };
		A2EAB91623C829D2001899A5 /* ThemeBlurEffectPicker.swift */ = {isa = PBXFileReference; fileEncoding = 4; lastKnownFileType = sourcecode.swift; path = ThemeBlurEffectPicker.swift; sourceTree = "<group>"; };
		A2EAB91723C829D2001899A5 /* ThemeBarStylePicker.swift */ = {isa = PBXFileReference; fileEncoding = 4; lastKnownFileType = sourcecode.swift; path = ThemeBarStylePicker.swift; sourceTree = "<group>"; };
		A2EAB91823C829D2001899A5 /* UIRefreshControl+TitleAttributes.swift */ = {isa = PBXFileReference; fileEncoding = 4; lastKnownFileType = sourcecode.swift; path = "UIRefreshControl+TitleAttributes.swift"; sourceTree = "<group>"; };
		A2EAB91923C829D2001899A5 /* ThemePicker.swift */ = {isa = PBXFileReference; fileEncoding = 4; lastKnownFileType = sourcecode.swift; path = ThemePicker.swift; sourceTree = "<group>"; };
		A2EAB93823C82A7B001899A5 /* Night.plist */ = {isa = PBXFileReference; fileEncoding = 4; lastKnownFileType = text.plist.xml; path = Night.plist; sourceTree = "<group>"; };
		A2EAB93A23C82A7B001899A5 /* Red.plist */ = {isa = PBXFileReference; fileEncoding = 4; lastKnownFileType = text.plist.xml; path = Red.plist; sourceTree = "<group>"; };
		A2EAB93E23C82B5C001899A5 /* MyThemes.swift */ = {isa = PBXFileReference; lastKnownFileType = sourcecode.swift; path = MyThemes.swift; sourceTree = "<group>"; };
		A2EAB94023C85F6C001899A5 /* CheckUpdateCell.swift */ = {isa = PBXFileReference; lastKnownFileType = sourcecode.swift; path = CheckUpdateCell.swift; sourceTree = "<group>"; };
		A2EAB94223C8608C001899A5 /* ThemeSwithCell.swift */ = {isa = PBXFileReference; lastKnownFileType = sourcecode.swift; path = ThemeSwithCell.swift; sourceTree = "<group>"; };
		A2EAB94423C860B7001899A5 /* LogoutCell.swift */ = {isa = PBXFileReference; lastKnownFileType = sourcecode.swift; path = LogoutCell.swift; sourceTree = "<group>"; };
		A2EAB94623C8799F001899A5 /* BaseCell.swift */ = {isa = PBXFileReference; lastKnownFileType = sourcecode.swift; path = BaseCell.swift; sourceTree = "<group>"; };
		A2EAB94823C87EF6001899A5 /* UserHeadCell.swift */ = {isa = PBXFileReference; lastKnownFileType = sourcecode.swift; path = UserHeadCell.swift; sourceTree = "<group>"; };
		A2EF593123B630B4007D677C /* UserInfoController.swift */ = {isa = PBXFileReference; lastKnownFileType = sourcecode.swift; path = UserInfoController.swift; sourceTree = "<group>"; };
		A2EF593A23B633ED007D677C /* CBToast.swift */ = {isa = PBXFileReference; lastKnownFileType = sourcecode.swift; path = CBToast.swift; sourceTree = "<group>"; };
		A2F98C6423CEEC760061BED4 /* h5 */ = {isa = PBXFileReference; lastKnownFileType = folder; path = h5; sourceTree = "<group>"; };
		A2F98C6623CF48320061BED4 /* DropBoxMenu.swift */ = {isa = PBXFileReference; lastKnownFileType = sourcecode.swift; path = DropBoxMenu.swift; sourceTree = "<group>"; };
/* End PBXFileReference section */

/* Begin PBXFrameworksBuildPhase section */
		A20E7B7F23A8B52A0009F2C9 /* Frameworks */ = {
			isa = PBXFrameworksBuildPhase;
			buildActionMask = 2147483647;
			files = (
			);
			runOnlyForDeploymentPostprocessing = 0;
		};
/* End PBXFrameworksBuildPhase section */

/* Begin PBXGroup section */
		A20E7B7923A8B52A0009F2C9 = {
			isa = PBXGroup;
			children = (
				A20E7B8423A8B52A0009F2C9 /* bookshop */,
				A20E7B8323A8B52A0009F2C9 /* Products */,
			);
			sourceTree = "<group>";
		};
		A20E7B8323A8B52A0009F2C9 /* Products */ = {
			isa = PBXGroup;
			children = (
				A20E7B8223A8B52A0009F2C9 /* bookshop.app */,
			);
			name = Products;
			sourceTree = "<group>";
		};
		A20E7B8423A8B52A0009F2C9 /* bookshop */ = {
			isa = PBXGroup;
			children = (
				A20E7B9E23A8B6C30009F2C9 /* common */,
				A2EAB93623C82A24001899A5 /* resources */,
				A20E7B9723A8B5980009F2C9 /* pages */,
				A20E7B8923A8B52A0009F2C9 /* Main.storyboard */,
				A20E7B8C23A8B5300009F2C9 /* Assets.xcassets */,
				A20E7B8E23A8B5300009F2C9 /* LaunchScreen.storyboard */,
				A20E7B9123A8B5300009F2C9 /* Info.plist */,
			);
			path = bookshop;
			sourceTree = "<group>";
		};
		A20E7B9723A8B5980009F2C9 /* pages */ = {
			isa = PBXGroup;
			children = (
				A29DAC9823E6D2AC0018BA98 /* categroy(分类) */,
				A20E7B9C23A8B6690009F2C9 /* shoppingcar(购物车) */,
				A20E7B9B23A8B6600009F2C9 /* user(个人中心) */,
				A20E7B9A23A8B61B0009F2C9 /* home(主页) */,
				A248173723A9EF8300CF3B9C /* Config.swift */,
				A25E9EA523AD044C00EEE779 /* MainTabBarController.swift */,
				A20E7B8523A8B52A0009F2C9 /* AppDelegate.swift */,
			);
			path = pages;
			sourceTree = "<group>";
		};
		A20E7B9A23A8B61B0009F2C9 /* home(主页) */ = {
			isa = PBXGroup;
			children = (
				A2DB258D23EBD90800553701 /* view */,
				A25FE6FE23CDE1B90014E1C2 /* 活动推送 */,
				A2C15C4923B70E260096D80D /* 更多功能 */,
				A27B610223ABC65900B73AAF /* 书籍详情 */,
				A248173F23AA826600CF3B9C /* HomeController.swift */,
			);
			path = "home(主页)";
			sourceTree = "<group>";
		};
		A20E7B9B23A8B6600009F2C9 /* user(个人中心) */ = {
			isa = PBXGroup;
			children = (
				A2DB259023EBD92E00553701 /* view */,
				A2DB258F23EBD92600553701 /* 注册 */,
				A2DB258E23EBD91A00553701 /* 登录 */,
				A2766C3F23C350480037E1BF /* 地址 */,
				A2EF593323B631E9007D677C /* 详细信息 */,
				A248173023A9E89900CF3B9C /* 设置 */,
				A20E7BA323A8C04A0009F2C9 /* UserController.swift */,
			);
			path = "user(个人中心)";
			sourceTree = "<group>";
		};
		A20E7B9C23A8B6690009F2C9 /* shoppingcar(购物车) */ = {
			isa = PBXGroup;
			children = (
				A2DB258A23EBD80D00553701 /* 订单结算 */,
				A2DB258923EBD80300553701 /* view */,
				A25E9E9F23ACADE100EEE779 /* ShoppingCarController.swift */,
			);
			path = "shoppingcar(购物车)";
			sourceTree = "<group>";
		};
		A20E7B9E23A8B6C30009F2C9 /* common */ = {
			isa = PBXGroup;
			children = (
				A2DB258C23EBD86F00553701 /* util */,
				A2DB258B23EBD84A00553701 /* model */,
				A2EAB8FD23C8297F001899A5 /* theme */,
				A2C15C4A23B718A40096D80D /* view */,
				A20E7B9F23A8B9950009F2C9 /* CommonUtil.swift */,
				A2EAB93E23C82B5C001899A5 /* MyThemes.swift */,
				A2A4632023CA104F00911C36 /* UserDefaultsExt.swift */,
			);
			path = common;
			sourceTree = "<group>";
		};
		A248173023A9E89900CF3B9C /* 设置 */ = {
			isa = PBXGroup;
			children = (
				A2DB258723EBD7DB00553701 /* view */,
				A2DB258623EBD7BB00553701 /* 主题切换 */,
				A2DB258523EBD7AB00553701 /* 检查更新 */,
				A248173123A9E8B900CF3B9C /* SettingController.swift */,
			);
			path = "设置";
			sourceTree = "<group>";
		};
		A25FE6FE23CDE1B90014E1C2 /* 活动推送 */ = {
			isa = PBXGroup;
			children = (
				A248174123AA82CD00CF3B9C /* HomeNewsCell.swift */,
				A29DD60D23E5C24C00BA23BE /* HomeNewsCell2.swift */,
			);
			path = "活动推送";
			sourceTree = "<group>";
		};
		A2766C3F23C350480037E1BF /* 地址 */ = {
			isa = PBXGroup;
			children = (
				A2DB258823EBD7F600553701 /* view */,
				A2766C4023C353780037E1BF /* AddressController.swift */,
			);
			path = "地址";
			sourceTree = "<group>";
		};
		A27B610223ABC65900B73AAF /* 书籍详情 */ = {
			isa = PBXGroup;
			children = (
				A27B610523ABC68A00B73AAF /* BookDetailController.swift */,
				A27B610723ABC6C200B73AAF /* BookDescCell.swift */,
				A25E9EA723AD155900EEE779 /* BookInfoCell.swift */,
				A2215D2823E7DB5C00DC59D1 /* BookCommentCell.swift */,
			);
			path = "书籍详情";
			sourceTree = "<group>";
		};
		A28484CB23C0C45900B7C3E1 /* 圈子 */ = {
			isa = PBXGroup;
			children = (
				A28484CC23C0C47D00B7C3E1 /* CircleController.swift */,
				A28484CE23C0C4C600B7C3E1 /* CircleCell.swift */,
				A2A4631E23C9F37F00911C36 /* PlaybillCell.swift */,
			);
			path = "圈子";
			sourceTree = "<group>";
		};
		A29DAC9823E6D2AC0018BA98 /* categroy(分类) */ = {
			isa = PBXGroup;
			children = (
				A29DAC9623E6B4EA0018BA98 /* CategroyController.swift */,
			);
			path = "categroy(分类)";
			sourceTree = "<group>";
		};
		A2C15C4923B70E260096D80D /* 更多功能 */ = {
			isa = PBXGroup;
			children = (
				A2DB258423EBD73E00553701 /* view */,
				A2DB258323EBD71A00553701 /* 搜索 */,
				A28484CB23C0C45900B7C3E1 /* 圈子 */,
				A27B610023AB75BE00B73AAF /* HomeFunctionCell.swift */,
			);
			path = "更多功能";
			sourceTree = "<group>";
		};
		A2C15C4A23B718A40096D80D /* view */ = {
			isa = PBXGroup;
			children = (
				A2688CB123CB50DC00D1C4E0 /* DropBox.swift */,
				A2688CB023CB50DC00D1C4E0 /* DropBoxTextField.swift */,
				A2F98C6623CF48320061BED4 /* DropBoxMenu.swift */,
				A27B60FE23AB125600B73AAF /* CycleScrollView.swift */,
				A25E9E9D23AC879500EEE779 /* MultilineLabel.swift */,
				A2EF593A23B633ED007D677C /* CBToast.swift */,
				A28484D423C0E4FB00B7C3E1 /* WaterFallLayout.swift */,
				A20A1D4723C4A1840013A7CF /* LinearTextField.swift */,
				A233609923C603EB00D68D46 /* EWTextField.swift */,
				A25FE6FF23CDE22B0014E1C2 /* WebController.swift */,
				A275872323E2C64400BBEC21 /* VerticalCycleView.swift */,
				A29DAC9423E683350018BA98 /* MPageControl.swift */,
				A2EAB94623C8799F001899A5 /* BaseCell.swift */,
				A247436123E959E5006109D3 /* UIViewController+Ext.swift */,
			);
			path = view;
			sourceTree = "<group>";
		};
		A2DB258323EBD71A00553701 /* 搜索 */ = {
			isa = PBXGroup;
			children = (
				A2C15C5523B733F00096D80D /* SearchController.swift */,
			);
			path = "搜索";
			sourceTree = "<group>";
		};
		A2DB258423EBD73E00553701 /* view */ = {
			isa = PBXGroup;
			children = (
				A2C15C4D23B7282D0096D80D /* FunctionCollectionCell.swift */,
				A2C15C4B23B71BD80096D80D /* SearchCollectionCell.swift */,
				A2C15C4F23B72C380096D80D /* ActivityCollectionCell.swift */,
				A2C15C5123B72D710096D80D /* CircleCollectionCell.swift */,
				A2C15C5323B72EC30096D80D /* GoodCollectionCell.swift */,
			);
			path = view;
			sourceTree = "<group>";
		};
		A2DB258523EBD7AB00553701 /* 检查更新 */ = {
			isa = PBXGroup;
			children = (
				A248173323A9E98400CF3B9C /* CheckUpdateController.swift */,
			);
			path = "检查更新";
			sourceTree = "<group>";
		};
		A2DB258623EBD7BB00553701 /* 主题切换 */ = {
			isa = PBXGroup;
			children = (
				A246AD1723CDAA5F009321FF /* ThemeSwitchController.swift */,
			);
			path = "主题切换";
			sourceTree = "<group>";
		};
		A2DB258723EBD7DB00553701 /* view */ = {
			isa = PBXGroup;
			children = (
				A2EAB94023C85F6C001899A5 /* CheckUpdateCell.swift */,
				A2EAB94223C8608C001899A5 /* ThemeSwithCell.swift */,
				A2EAB94423C860B7001899A5 /* LogoutCell.swift */,
			);
			path = view;
			sourceTree = "<group>";
		};
		A2DB258823EBD7F600553701 /* view */ = {
			isa = PBXGroup;
			children = (
				A2766C4223C367900037E1BF /* AddressCell.swift */,
			);
			path = view;
			sourceTree = "<group>";
		};
		A2DB258923EBD80300553701 /* view */ = {
			isa = PBXGroup;
			children = (
				A25E9EA123ACAE3600EEE779 /* ShoppingCarCell.swift */,
			);
			path = view;
			sourceTree = "<group>";
		};
		A2DB258A23EBD80D00553701 /* 订单结算 */ = {
			isa = PBXGroup;
			children = (
				A25E9EA323ACE14800EEE779 /* OrderController.swift */,
			);
			path = "订单结算";
			sourceTree = "<group>";
		};
		A2DB258B23EBD84A00553701 /* model */ = {
			isa = PBXGroup;
			children = (
				A248173923A9F5FA00CF3B9C /* Book.swift */,
				A20E7BA123A8BD8D0009F2C9 /* User.swift */,
				A28484D223C0E0BB00B7C3E1 /* Video.swift */,
				A20A1D4523C466620013A7CF /* Address.swift */,
			);
			path = model;
			sourceTree = "<group>";
		};
		A2DB258C23EBD86F00553701 /* util */ = {
			isa = PBXGroup;
			children = (
				A28484C923C0BA3900B7C3E1 /* ImageUtil.swift */,
				A20A1D4923C4A4580013A7CF /* StringUtil.swift */,
				A233609723C5FAA100D68D46 /* ColorUtil.swift */,
			);
			path = util;
			sourceTree = "<group>";
		};
		A2DB258D23EBD90800553701 /* view */ = {
			isa = PBXGroup;
			children = (
				A248174323AA831D00CF3B9C /* HomeBookCell.swift */,
			);
			path = view;
			sourceTree = "<group>";
		};
		A2DB258E23EBD91A00553701 /* 登录 */ = {
			isa = PBXGroup;
			children = (
				A248173B23AA1BE200CF3B9C /* LoginController.swift */,
			);
			path = "登录";
			sourceTree = "<group>";
		};
		A2DB258F23EBD92600553701 /* 注册 */ = {
			isa = PBXGroup;
			children = (
				A248173D23AA691B00CF3B9C /* RegisterController.swift */,
			);
			path = "注册";
			sourceTree = "<group>";
		};
		A2DB259023EBD92E00553701 /* view */ = {
			isa = PBXGroup;
			children = (
				A2EAB94823C87EF6001899A5 /* UserHeadCell.swift */,
			);
			path = view;
			sourceTree = "<group>";
		};
		A2EAB8FD23C8297F001899A5 /* theme */ = {
			isa = PBXGroup;
			children = (
				A2EAB8FE23C829D0001899A5 /* NSAttributedString+Merge.swift */,
				A2EAB91523C829D2001899A5 /* NSObject+Theme.swift */,
				A2EAB90623C829D1001899A5 /* ThemeActivityIndicatorViewStylePicker.swift */,
				A2EAB91723C829D2001899A5 /* ThemeBarStylePicker.swift */,
				A2EAB91623C829D2001899A5 /* ThemeBlurEffectPicker.swift */,
				A2EAB90D23C829D1001899A5 /* ThemeCGColorPicker.swift */,
				A2EAB90323C829D1001899A5 /* ThemeCGFloatPicker.swift */,
				A2EAB90723C829D1001899A5 /* ThemeColorPicker.swift */,
				A2EAB90C23C829D1001899A5 /* ThemeDictionaryPicker.swift */,
				A2EAB90B23C829D1001899A5 /* ThemeFontPicker.swift */,
				A2EAB90923C829D1001899A5 /* ThemeImagePicker.swift */,
				A2EAB90F23C829D1001899A5 /* ThemeKeyboardAppearancePicker.swift */,
				A2EAB91023C829D1001899A5 /* ThemeManager.swift */,
				A2EAB91123C829D1001899A5 /* ThemeManager+Index.swift */,
				A2EAB91223C829D1001899A5 /* ThemeManager+OC.swift */,
				A2EAB90A23C829D1001899A5 /* ThemeManager+Plist.swift */,
				A2EAB90123C829D1001899A5 /* ThemeNavigationBarAppearancePicker.swift */,
				A2EAB91923C829D2001899A5 /* ThemePicker.swift */,
				A2EAB91323C829D1001899A5 /* ThemeScrollViewIndicatorStylePicker.swift */,
				A2EAB90223C829D1001899A5 /* ThemeStatePicker.swift */,
				A2EAB8FF23C829D0001899A5 /* ThemeStatusBarStylePicker.swift */,
				A2EAB90023C829D0001899A5 /* ThemeStringAttributesPicker.swift */,
				A2EAB90423C829D1001899A5 /* ThemeVisualEffectPicker.swift */,
				A2EAB90523C829D1001899A5 /* UIColorExtension.swift */,
				A2EAB90E23C829D1001899A5 /* UIKit+Theme.swift */,
				A2EAB91423C829D1001899A5 /* UILabel+TextAttributes.swift */,
				A2EAB91823C829D2001899A5 /* UIRefreshControl+TitleAttributes.swift */,
				A2EAB90823C829D1001899A5 /* UITextField+PlaceholderAttributes.swift */,
			);
			path = theme;
			sourceTree = "<group>";
		};
		A2EAB93623C82A24001899A5 /* resources */ = {
			isa = PBXGroup;
			children = (
				A2F98C6423CEEC760061BED4 /* h5 */,
				A2EAB93723C82A31001899A5 /* plist */,
			);
			path = resources;
			sourceTree = "<group>";
		};
		A2EAB93723C82A31001899A5 /* plist */ = {
			isa = PBXGroup;
			children = (
				A246AD1223CDA64A009321FF /* Blue.plist */,
				A246AD1323CDA64A009321FF /* Green.plist */,
				A246AD1123CDA64A009321FF /* Yellow.plist */,
				A2EAB93823C82A7B001899A5 /* Night.plist */,
				A2EAB93A23C82A7B001899A5 /* Red.plist */,
			);
			path = plist;
			sourceTree = "<group>";
		};
		A2EF593323B631E9007D677C /* 详细信息 */ = {
			isa = PBXGroup;
			children = (
				A2EF593123B630B4007D677C /* UserInfoController.swift */,
			);
			path = "详细信息";
			sourceTree = "<group>";
		};
/* End PBXGroup section */

/* Begin PBXNativeTarget section */
		A20E7B8123A8B52A0009F2C9 /* bookshop */ = {
			isa = PBXNativeTarget;
			buildConfigurationList = A20E7B9423A8B5300009F2C9 /* Build configuration list for PBXNativeTarget "bookshop" */;
			buildPhases = (
				A20E7B7E23A8B52A0009F2C9 /* Sources */,
				A20E7B7F23A8B52A0009F2C9 /* Frameworks */,
				A20E7B8023A8B52A0009F2C9 /* Resources */,
			);
			buildRules = (
			);
			dependencies = (
			);
			name = bookshop;
			productName = bookshop;
			productReference = A20E7B8223A8B52A0009F2C9 /* bookshop.app */;
			productType = "com.apple.product-type.application";
		};
/* End PBXNativeTarget section */

/* Begin PBXProject section */
		A20E7B7A23A8B52A0009F2C9 /* Project object */ = {
			isa = PBXProject;
			attributes = {
				LastSwiftUpdateCheck = 1020;
				LastUpgradeCheck = 1020;
				ORGANIZATIONNAME = xujiale;
				TargetAttributes = {
					A20E7B8123A8B52A0009F2C9 = {
						CreatedOnToolsVersion = 10.2.1;
					};
				};
			};
			buildConfigurationList = A20E7B7D23A8B52A0009F2C9 /* Build configuration list for PBXProject "bookshop" */;
			compatibilityVersion = "Xcode 9.3";
			developmentRegion = en;
			hasScannedForEncodings = 0;
			knownRegions = (
				en,
				Base,
			);
			mainGroup = A20E7B7923A8B52A0009F2C9;
			productRefGroup = A20E7B8323A8B52A0009F2C9 /* Products */;
			projectDirPath = "";
			projectRoot = "";
			targets = (
				A20E7B8123A8B52A0009F2C9 /* bookshop */,
			);
		};
/* End PBXProject section */

/* Begin PBXResourcesBuildPhase section */
		A20E7B8023A8B52A0009F2C9 /* Resources */ = {
			isa = PBXResourcesBuildPhase;
			buildActionMask = 2147483647;
			files = (
				A2F98C6523CEEC760061BED4 /* h5 in Resources */,
				A246AD1423CDA64B009321FF /* Yellow.plist in Resources */,
				A246AD1523CDA64B009321FF /* Blue.plist in Resources */,
				A20E7B9023A8B5300009F2C9 /* LaunchScreen.storyboard in Resources */,
				A2EAB93D23C82A7B001899A5 /* Red.plist in Resources */,
				A20E7B8D23A8B5300009F2C9 /* Assets.xcassets in Resources */,
				A20E7B8B23A8B52A0009F2C9 /* Main.storyboard in Resources */,
				A246AD1623CDA64B009321FF /* Green.plist in Resources */,
				A2EAB93B23C82A7B001899A5 /* Night.plist in Resources */,
			);
			runOnlyForDeploymentPostprocessing = 0;
		};
/* End PBXResourcesBuildPhase section */

/* Begin PBXSourcesBuildPhase section */
		A20E7B7E23A8B52A0009F2C9 /* Sources */ = {
			isa = PBXSourcesBuildPhase;
			buildActionMask = 2147483647;
			files = (
				A2EAB91E23C829D2001899A5 /* ThemeStatePicker.swift in Sources */,
				A2C15C5423B72EC30096D80D /* GoodCollectionCell.swift in Sources */,
				A20A1D4A23C4A4580013A7CF /* StringUtil.swift in Sources */,
				A2EAB92D23C829D2001899A5 /* ThemeManager+Index.swift in Sources */,
				A2EAB92723C829D2001899A5 /* ThemeFontPicker.swift in Sources */,
				A248173E23AA691B00CF3B9C /* RegisterController.swift in Sources */,
				A2215D2923E7DB5C00DC59D1 /* BookCommentCell.swift in Sources */,
				A248173A23A9F5FA00CF3B9C /* Book.swift in Sources */,
				A2A4632123CA104F00911C36 /* UserDefaultsExt.swift in Sources */,
				A2766C4123C353780037E1BF /* AddressController.swift in Sources */,
				A25E9EA623AD044C00EEE779 /* MainTabBarController.swift in Sources */,
				A2EAB92823C829D2001899A5 /* ThemeDictionaryPicker.swift in Sources */,
				A2EAB94323C8608C001899A5 /* ThemeSwithCell.swift in Sources */,
				A2EAB92423C829D2001899A5 /* UITextField+PlaceholderAttributes.swift in Sources */,
				A29DAC9723E6B4EA0018BA98 /* CategroyController.swift in Sources */,
				A2688CB323CB50DC00D1C4E0 /* DropBox.swift in Sources */,
				A25FE70023CDE22B0014E1C2 /* WebController.swift in Sources */,
				A25E9EA223ACAE3600EEE779 /* ShoppingCarCell.swift in Sources */,
				A2EAB91A23C829D2001899A5 /* NSAttributedString+Merge.swift in Sources */,
				A2EAB93023C829D2001899A5 /* UILabel+TextAttributes.swift in Sources */,
				A2EAB92E23C829D2001899A5 /* ThemeManager+OC.swift in Sources */,
				A28484CA23C0BA3900B7C3E1 /* ImageUtil.swift in Sources */,
				A2EAB94923C87EF6001899A5 /* UserHeadCell.swift in Sources */,
				A2EAB94723C8799F001899A5 /* BaseCell.swift in Sources */,
				A2C15C5023B72C380096D80D /* ActivityCollectionCell.swift in Sources */,
				A27B60FF23AB125600B73AAF /* CycleScrollView.swift in Sources */,
				A2EF593B23B633ED007D677C /* CBToast.swift in Sources */,
				A28484CD23C0C47D00B7C3E1 /* CircleController.swift in Sources */,
				A2EAB93523C829D2001899A5 /* ThemePicker.swift in Sources */,
				A28484CF23C0C4C600B7C3E1 /* CircleCell.swift in Sources */,
				A248174423AA831D00CF3B9C /* HomeBookCell.swift in Sources */,
				A20A1D4623C466620013A7CF /* Address.swift in Sources */,
				A28484D323C0E0BB00B7C3E1 /* Video.swift in Sources */,
				A2F98C6723CF48320061BED4 /* DropBoxMenu.swift in Sources */,
				A2EAB92123C829D2001899A5 /* UIColorExtension.swift in Sources */,
				A2EAB92523C829D2001899A5 /* ThemeImagePicker.swift in Sources */,
				A2C15C4C23B71BD80096D80D /* SearchCollectionCell.swift in Sources */,
				A2EAB92923C829D2001899A5 /* ThemeCGColorPicker.swift in Sources */,
				A248174023AA826600CF3B9C /* HomeController.swift in Sources */,
				A2EAB92623C829D2001899A5 /* ThemeManager+Plist.swift in Sources */,
				A2EAB94523C860B7001899A5 /* LogoutCell.swift in Sources */,
				A2EAB93323C829D2001899A5 /* ThemeBarStylePicker.swift in Sources */,
				A25E9EA423ACE14800EEE779 /* OrderController.swift in Sources */,
				A29DAC9523E683350018BA98 /* MPageControl.swift in Sources */,
				A248174223AA82CD00CF3B9C /* HomeNewsCell.swift in Sources */,
				A248173223A9E8B900CF3B9C /* SettingController.swift in Sources */,
				A2EAB93F23C82B5C001899A5 /* MyThemes.swift in Sources */,
				A2EAB91C23C829D2001899A5 /* ThemeStringAttributesPicker.swift in Sources */,
				A27B610623ABC68A00B73AAF /* BookDetailController.swift in Sources */,
				A25E9E9E23AC879500EEE779 /* MultilineLabel.swift in Sources */,
				A246AD1823CDAA5F009321FF /* ThemeSwitchController.swift in Sources */,
				A2EAB93123C829D2001899A5 /* NSObject+Theme.swift in Sources */,
				A2EAB91B23C829D2001899A5 /* ThemeStatusBarStylePicker.swift in Sources */,
				A20E7BA223A8BD8D0009F2C9 /* User.swift in Sources */,
				A233609A23C603EB00D68D46 /* EWTextField.swift in Sources */,
				A27B610123AB75BE00B73AAF /* HomeFunctionCell.swift in Sources */,
				A2C15C5623B733F00096D80D /* SearchController.swift in Sources */,
				A29DD60E23E5C24C00BA23BE /* HomeNewsCell2.swift in Sources */,
				A233609823C5FAA100D68D46 /* ColorUtil.swift in Sources */,
				A2688CB223CB50DC00D1C4E0 /* DropBoxTextField.swift in Sources */,
				A2766C4323C367900037E1BF /* AddressCell.swift in Sources */,
				A2A4631F23C9F37F00911C36 /* PlaybillCell.swift in Sources */,
				A2EAB92C23C829D2001899A5 /* ThemeManager.swift in Sources */,
				A2EAB92323C829D2001899A5 /* ThemeColorPicker.swift in Sources */,
				A20E7BA423A8C04A0009F2C9 /* UserController.swift in Sources */,
				A2C15C5223B72D710096D80D /* CircleCollectionCell.swift in Sources */,
				A2EAB93223C829D2001899A5 /* ThemeBlurEffectPicker.swift in Sources */,
				A248173C23AA1BE200CF3B9C /* LoginController.swift in Sources */,
				A2EAB92023C829D2001899A5 /* ThemeVisualEffectPicker.swift in Sources */,
				A2C15C4E23B7282D0096D80D /* FunctionCollectionCell.swift in Sources */,
				A248173423A9E98400CF3B9C /* CheckUpdateController.swift in Sources */,
				A27B610823ABC6C200B73AAF /* BookDescCell.swift in Sources */,
				A2EF593223B630B4007D677C /* UserInfoController.swift in Sources */,
				A248173823A9EF8300CF3B9C /* Config.swift in Sources */,
				A2EAB91D23C829D2001899A5 /* ThemeNavigationBarAppearancePicker.swift in Sources */,
				A2EAB92F23C829D2001899A5 /* ThemeScrollViewIndicatorStylePicker.swift in Sources */,
				A2EAB92A23C829D2001899A5 /* UIKit+Theme.swift in Sources */,
				A2EAB93423C829D2001899A5 /* UIRefreshControl+TitleAttributes.swift in Sources */,
				A247436223E959E5006109D3 /* UIViewController+Ext.swift in Sources */,
				A20E7B8623A8B52A0009F2C9 /* AppDelegate.swift in Sources */,
				A2EAB91F23C829D2001899A5 /* ThemeCGFloatPicker.swift in Sources */,
				A25E9EA023ACADE100EEE779 /* ShoppingCarController.swift in Sources */,
				A25E9EA823AD155900EEE779 /* BookInfoCell.swift in Sources */,
				A28484D523C0E4FB00B7C3E1 /* WaterFallLayout.swift in Sources */,
				A275872423E2C64400BBEC21 /* VerticalCycleView.swift in Sources */,
				A2EAB94123C85F6C001899A5 /* CheckUpdateCell.swift in Sources */,
				A2EAB92223C829D2001899A5 /* ThemeActivityIndicatorViewStylePicker.swift in Sources */,
				A20E7BA023A8B9950009F2C9 /* CommonUtil.swift in Sources */,
				A2EAB92B23C829D2001899A5 /* ThemeKeyboardAppearancePicker.swift in Sources */,
				A20A1D4823C4A1840013A7CF /* LinearTextField.swift in Sources */,
			);
			runOnlyForDeploymentPostprocessing = 0;
		};
/* End PBXSourcesBuildPhase section */

/* Begin PBXVariantGroup section */
		A20E7B8923A8B52A0009F2C9 /* Main.storyboard */ = {
			isa = PBXVariantGroup;
			children = (
				A20E7B8A23A8B52A0009F2C9 /* Base */,
			);
			name = Main.storyboard;
			sourceTree = "<group>";
		};
		A20E7B8E23A8B5300009F2C9 /* LaunchScreen.storyboard */ = {
			isa = PBXVariantGroup;
			children = (
				A20E7B8F23A8B5300009F2C9 /* Base */,
			);
			name = LaunchScreen.storyboard;
			sourceTree = "<group>";
		};
/* End PBXVariantGroup section */

/* Begin XCBuildConfiguration section */
		A20E7B9223A8B5300009F2C9 /* Debug */ = {
			isa = XCBuildConfiguration;
			buildSettings = {
				ALWAYS_SEARCH_USER_PATHS = NO;
				CLANG_ANALYZER_NONNULL = YES;
				CLANG_ANALYZER_NUMBER_OBJECT_CONVERSION = YES_AGGRESSIVE;
				CLANG_CXX_LANGUAGE_STANDARD = "gnu++14";
				CLANG_CXX_LIBRARY = "libc++";
				CLANG_ENABLE_MODULES = YES;
				CLANG_ENABLE_OBJC_ARC = YES;
				CLANG_ENABLE_OBJC_WEAK = YES;
				CLANG_WARN_BLOCK_CAPTURE_AUTORELEASING = YES;
				CLANG_WARN_BOOL_CONVERSION = YES;
				CLANG_WARN_COMMA = YES;
				CLANG_WARN_CONSTANT_CONVERSION = YES;
				CLANG_WARN_DEPRECATED_OBJC_IMPLEMENTATIONS = YES;
				CLANG_WARN_DIRECT_OBJC_ISA_USAGE = YES_ERROR;
				CLANG_WARN_DOCUMENTATION_COMMENTS = YES;
				CLANG_WARN_EMPTY_BODY = YES;
				CLANG_WARN_ENUM_CONVERSION = YES;
				CLANG_WARN_INFINITE_RECURSION = YES;
				CLANG_WARN_INT_CONVERSION = YES;
				CLANG_WARN_NON_LITERAL_NULL_CONVERSION = YES;
				CLANG_WARN_OBJC_IMPLICIT_RETAIN_SELF = YES;
				CLANG_WARN_OBJC_LITERAL_CONVERSION = YES;
				CLANG_WARN_OBJC_ROOT_CLASS = YES_ERROR;
				CLANG_WARN_RANGE_LOOP_ANALYSIS = YES;
				CLANG_WARN_STRICT_PROTOTYPES = YES;
				CLANG_WARN_SUSPICIOUS_MOVE = YES;
				CLANG_WARN_UNGUARDED_AVAILABILITY = YES_AGGRESSIVE;
				CLANG_WARN_UNREACHABLE_CODE = YES;
				CLANG_WARN__DUPLICATE_METHOD_MATCH = YES;
				CODE_SIGN_IDENTITY = "iPhone Developer";
				COPY_PHASE_STRIP = NO;
				DEBUG_INFORMATION_FORMAT = dwarf;
				ENABLE_STRICT_OBJC_MSGSEND = YES;
				ENABLE_TESTABILITY = YES;
				GCC_C_LANGUAGE_STANDARD = gnu11;
				GCC_DYNAMIC_NO_PIC = NO;
				GCC_NO_COMMON_BLOCKS = YES;
				GCC_OPTIMIZATION_LEVEL = 0;
				GCC_PREPROCESSOR_DEFINITIONS = (
					"DEBUG=1",
					"$(inherited)",
				);
				GCC_WARN_64_TO_32_BIT_CONVERSION = YES;
				GCC_WARN_ABOUT_RETURN_TYPE = YES_ERROR;
				GCC_WARN_UNDECLARED_SELECTOR = YES;
				GCC_WARN_UNINITIALIZED_AUTOS = YES_AGGRESSIVE;
				GCC_WARN_UNUSED_FUNCTION = YES;
				GCC_WARN_UNUSED_VARIABLE = YES;
				IPHONEOS_DEPLOYMENT_TARGET = 12.2;
				MTL_ENABLE_DEBUG_INFO = INCLUDE_SOURCE;
				MTL_FAST_MATH = YES;
				ONLY_ACTIVE_ARCH = YES;
				SDKROOT = iphoneos;
				SWIFT_ACTIVE_COMPILATION_CONDITIONS = DEBUG;
				SWIFT_OPTIMIZATION_LEVEL = "-Onone";
			};
			name = Debug;
		};
		A20E7B9323A8B5300009F2C9 /* Release */ = {
			isa = XCBuildConfiguration;
			buildSettings = {
				ALWAYS_SEARCH_USER_PATHS = NO;
				CLANG_ANALYZER_NONNULL = YES;
				CLANG_ANALYZER_NUMBER_OBJECT_CONVERSION = YES_AGGRESSIVE;
				CLANG_CXX_LANGUAGE_STANDARD = "gnu++14";
				CLANG_CXX_LIBRARY = "libc++";
				CLANG_ENABLE_MODULES = YES;
				CLANG_ENABLE_OBJC_ARC = YES;
				CLANG_ENABLE_OBJC_WEAK = YES;
				CLANG_WARN_BLOCK_CAPTURE_AUTORELEASING = YES;
				CLANG_WARN_BOOL_CONVERSION = YES;
				CLANG_WARN_COMMA = YES;
				CLANG_WARN_CONSTANT_CONVERSION = YES;
				CLANG_WARN_DEPRECATED_OBJC_IMPLEMENTATIONS = YES;
				CLANG_WARN_DIRECT_OBJC_ISA_USAGE = YES_ERROR;
				CLANG_WARN_DOCUMENTATION_COMMENTS = YES;
				CLANG_WARN_EMPTY_BODY = YES;
				CLANG_WARN_ENUM_CONVERSION = YES;
				CLANG_WARN_INFINITE_RECURSION = YES;
				CLANG_WARN_INT_CONVERSION = YES;
				CLANG_WARN_NON_LITERAL_NULL_CONVERSION = YES;
				CLANG_WARN_OBJC_IMPLICIT_RETAIN_SELF = YES;
				CLANG_WARN_OBJC_LITERAL_CONVERSION = YES;
				CLANG_WARN_OBJC_ROOT_CLASS = YES_ERROR;
				CLANG_WARN_RANGE_LOOP_ANALYSIS = YES;
				CLANG_WARN_STRICT_PROTOTYPES = YES;
				CLANG_WARN_SUSPICIOUS_MOVE = YES;
				CLANG_WARN_UNGUARDED_AVAILABILITY = YES_AGGRESSIVE;
				CLANG_WARN_UNREACHABLE_CODE = YES;
				CLANG_WARN__DUPLICATE_METHOD_MATCH = YES;
				CODE_SIGN_IDENTITY = "iPhone Developer";
				COPY_PHASE_STRIP = NO;
				DEBUG_INFORMATION_FORMAT = "dwarf-with-dsym";
				ENABLE_NS_ASSERTIONS = NO;
				ENABLE_STRICT_OBJC_MSGSEND = YES;
				GCC_C_LANGUAGE_STANDARD = gnu11;
				GCC_NO_COMMON_BLOCKS = YES;
				GCC_WARN_64_TO_32_BIT_CONVERSION = YES;
				GCC_WARN_ABOUT_RETURN_TYPE = YES_ERROR;
				GCC_WARN_UNDECLARED_SELECTOR = YES;
				GCC_WARN_UNINITIALIZED_AUTOS = YES_AGGRESSIVE;
				GCC_WARN_UNUSED_FUNCTION = YES;
				GCC_WARN_UNUSED_VARIABLE = YES;
				IPHONEOS_DEPLOYMENT_TARGET = 12.2;
				MTL_ENABLE_DEBUG_INFO = NO;
				MTL_FAST_MATH = YES;
				SDKROOT = iphoneos;
				SWIFT_COMPILATION_MODE = wholemodule;
				SWIFT_OPTIMIZATION_LEVEL = "-O";
				VALIDATE_PRODUCT = YES;
			};
			name = Release;
		};
		A20E7B9523A8B5300009F2C9 /* Debug */ = {
			isa = XCBuildConfiguration;
			buildSettings = {
				ASSETCATALOG_COMPILER_APPICON_NAME = AppIcon;
				CODE_SIGN_STYLE = Automatic;
				DEVELOPMENT_TEAM = F4VH2JPNV7;
				INFOPLIST_FILE = bookshop/Info.plist;
				LD_RUNPATH_SEARCH_PATHS = (
					"$(inherited)",
					"@executable_path/Frameworks",
				);
				PRODUCT_BUNDLE_IDENTIFIER = org.xujiale.bookshop;
				PRODUCT_NAME = "$(TARGET_NAME)";
				SWIFT_VERSION = 5.0;
				TARGETED_DEVICE_FAMILY = "1,2";
			};
			name = Debug;
		};
		A20E7B9623A8B5300009F2C9 /* Release */ = {
			isa = XCBuildConfiguration;
			buildSettings = {
				ASSETCATALOG_COMPILER_APPICON_NAME = AppIcon;
				CODE_SIGN_STYLE = Automatic;
				DEVELOPMENT_TEAM = F4VH2JPNV7;
				INFOPLIST_FILE = bookshop/Info.plist;
				LD_RUNPATH_SEARCH_PATHS = (
					"$(inherited)",
					"@executable_path/Frameworks",
				);
				PRODUCT_BUNDLE_IDENTIFIER = org.xujiale.bookshop;
				PRODUCT_NAME = "$(TARGET_NAME)";
				SWIFT_VERSION = 5.0;
				TARGETED_DEVICE_FAMILY = "1,2";
			};
			name = Release;
		};
/* End XCBuildConfiguration section */

/* Begin XCConfigurationList section */
		A20E7B7D23A8B52A0009F2C9 /* Build configuration list for PBXProject "bookshop" */ = {
			isa = XCConfigurationList;
			buildConfigurations = (
				A20E7B9223A8B5300009F2C9 /* Debug */,
				A20E7B9323A8B5300009F2C9 /* Release */,
			);
			defaultConfigurationIsVisible = 0;
			defaultConfigurationName = Release;
		};
		A20E7B9423A8B5300009F2C9 /* Build configuration list for PBXNativeTarget "bookshop" */ = {
			isa = XCConfigurationList;
			buildConfigurations = (
				A20E7B9523A8B5300009F2C9 /* Debug */,
				A20E7B9623A8B5300009F2C9 /* Release */,
			);
			defaultConfigurationIsVisible = 0;
			defaultConfigurationName = Release;
		};
/* End XCConfigurationList section */
	};
	rootObject = A20E7B7A23A8B52A0009F2C9 /* Project object */;
}
